
Microsoft Visual Studio Solution File, Format Version 12.00
# Visual Studio 2012
Project("{F2A71F9B-5D33-465A-A702-920D77279786}") = "IntellisenseForIntimidatingData", "IntellisenseForIntimidatingData\IntellisenseForIntimidatingData.fsproj", "{C55EA3A4-1C49-41C5-918D-313434FFB808}"
EndProject
Global
	GlobalSection(SolutionConfigurationPlatforms) = preSolution
		Debug|Any CPU = Debug|Any CPU
		Release|Any CPU = Release|Any CPU
	EndGlobalSection
	GlobalSection(ProjectConfigurationPlatforms) = postSolution
		{C55EA3A4-1C49-41C5-918D-313434FFB808}.Debug|Any CPU.ActiveCfg = Debug|Any CPU
		{C55EA3A4-1C49-41C5-918D-313434FFB808}.Debug|Any CPU.Build.0 = Debug|Any CPU
		{C55EA3A4-1C49-41C5-918D-313434FFB808}.Release|Any CPU.ActiveCfg = Release|Any CPU
		{C55EA3A4-1C49-41C5-918D-313434FFB808}.Release|Any CPU.Build.0 = Release|Any CPU
	EndGlobalSection
	GlobalSection(SolutionProperties) = preSolution
		HideSolutionNode = FALSE
	EndGlobalSection
EndGlobal
